# This file was autogenerated by Stack.
# You should not edit this file by hand.
# For more information, please see the documentation at:
#   https://docs.haskellstack.org/en/stable/topics/lock_files

packages:
- completed:
    hackage: hasql-1.10.2.1@sha256:0b64585b88f8bee6d6857e4fc04bebfcf381c94dbf7e1543e8b469b8f01de8a2,8858
    pantry-tree:
      sha256: 7560430a2a4668ddf821254f9f6378cbb643de89f72de961fa7cd7018a1ae7c6
      size: 9340
  original:
    hackage: hasql-1.10.2.1
- completed:
    hackage: postgresql-binary-0.15.0.1@sha256:87408d09f3a0328067c698041ddcc6e1376cacbad3ed5b5337720ace019cd41b,3889
    pantry-tree:
      sha256: 8d35dcbb15b0e4f1dfa2b933a5ff7f7a5f76c75b68f45f119fd5cfe92ee711e0
      size: 1805
  original:
    hackage: postgresql-binary-0.15.0.1@sha256:87408d09f3a0328067c698041ddcc6e1376cacbad3ed5b5337720ace019cd41b,3889
- completed:
    hackage: postgresql-connection-string-0.1.0.5@sha256:75a679ef877121482615849517b1545535467456852c8690fdbfd715e512563b,3420
    pantry-tree:
      sha256: 2919bf03542cd417645957ef87bf990dc8da37ebf4a82c381e564c8e1bf82b25
      size: 1287
  original:
    hackage: postgresql-connection-string-0.1.0.5@sha256:75a679ef877121482615849517b1545535467456852c8690fdbfd715e512563b,3420
snapshots:
- completed:
    sha256: 4b787f53036611a03edbf438dd5412daa03fb3da5d938ae8865ec471fe3f9632
    size: 726335
    url: https://raw.githubusercontent.com/commercialhaskell/stackage-snapshots/master/lts/24/21.yaml
  original: lts-24.21
